%{
  "bandit": {:hex, :bandit, "0.7.7", "48456d09022607a312cf723a91992236aeaffe4af50615e6e2d2e383fb6bef10", [:mix], [{:hpax, "~> 0.1.1", [hex: :hpax, repo: "hexpm", optional: false]}, {:plug, "~> 1.14", [hex: :plug, repo: "hexpm", optional: false]}, {:telemetry, "~> 0.4 or ~> 1.0", [hex: :telemetry, repo: "hexpm", optional: false]}, {:thousand_island, "~> 0.6.7", [hex: :thousand_island, repo: "hexpm", optional: false]}, {:websock, "~> 0.5", [hex: :websock, repo: "hexpm", optional: false]}], "hexpm", "772f0a32632c2ce41026d85e24b13a469151bb8cea1891e597fb38fde103640a"},
  "base64url": {:hex, :base64url, "1.0.1", "f8c7f2da04ca9a5d0f5f50258f055e1d699f0e8bf4cfdb30b750865368403cf6", [:rebar3], [], "hexpm", "f9b3add4731a02a9b0410398b475b33e7566a695365237a6bdee1bb447719f5c"},
  "cache_tab": {:hex, :cache_tab, "1.0.31", "e4097b50a6f373ab1e0a5f01bab0bef6626771a4cd6c93404ed6d54810e11fbc", [:rebar3], [{:p1_utils, "1.0.26", [hex: :p1_utils, repo: "hexpm", optional: false]}], "hexpm", "8582b60a4a09b247ef86355ba9e07fce9e11edc0345a775c9171f971c72b6351"},
  "certifi": {:hex, :certifi, "2.13.0", "e52be248590050b2dd33b0bb274b56678f9068e67805dca8aa8b1ccdb016bbf6", [:rebar3], [], "hexpm", "8f3d9533a0f06070afdfd5d596b32e21c6580667a492891851b0e2737bc507a1"},
  "eimp": {:hex, :eimp, "1.0.23", "aaf32efab061143403dadbaa63e699ef8e81702fbfa96fd436d5e9be4d6a8d3a", [:rebar3], [{:p1_utils, "1.0.26", [hex: :p1_utils, repo: "hexpm", optional: false]}], "hexpm", "907c780023cb2893e4fc4bdbe6a4f02c355913862ac67f0ecc26605e816b628a"},
  "ejabberd": {:git, "https://github.com/Tiva-org/ejabberd.git", "7eeb69944c86894e7f68a637218ac5ea32d9ceb2", []},
  "expletive": {:hex, :expletive, "0.1.5", "9e29db97aa83309b169870a1c08554a214561a04dc3cc38476141f3c62bd27b7", [:mix], [], "hexpm", "f07359b0b4b8cc39001a688d080373aa05d10ad294f0701b96d9169831ac22fd"},
  "ezlib": {:hex, :ezlib, "1.0.12", "ffe906ba10d03aaee7977e1e0e81d9ffc3bb8b47fb9cd8e2e453507a2e56221f", [:rebar3], [{:p1_utils, "1.0.25", [hex: :p1_utils, repo: "hexpm", optional: false]}], "hexpm", "30e94355fb42260aab6e12582cb0c56bf233515e655c8aeaf48760e7561e4ebb"},
  "fast_tls": {:hex, :fast_tls, "1.1.19", "f52731a4b35259fa06cf23e2a0732920ad9efce7c3d68377f129a474998747bb", [:rebar3], [{:p1_utils, "1.0.25", [hex: :p1_utils, repo: "hexpm", optional: false]}], "hexpm", "db34322c8782d4c5139ccb80709d8ec8c38089b44262edd0c2f660ac495bd389"},
  "fast_xml": {:git, "https://github.com/AidasPa/fast_xml2.git", "16e331726c17b06e9162ccaeddf07d494d004269", []},
  "fast_yaml": {:hex, :fast_yaml, "1.0.37", "f71d472fbf787ccd161b914d1eb486116a0f4f2e835337a378fbd31b59d2e74b", [:rebar3], [{:p1_utils, "1.0.26", [hex: :p1_utils, repo: "hexpm", optional: false]}], "hexpm", "8de868721bf7e2172414f7d3148ede0f3c922b496455cd625dd5c4429515a769"},
  "hackney": {:git, "https://github.com/benoitc/hackney.git", "eca5fbb1ff2d84facefb2a633e00f6ca16e7ddfd", []},
  "hpax": {:hex, :hpax, "0.1.2", "09a75600d9d8bbd064cdd741f21fc06fc1f4cf3d0fcc335e5aa19be1a7235c84", [:mix], [], "hexpm", "2c87843d5a23f5f16748ebe77969880e29809580efdaccd615cd3bed628a8c13"},
  "httpoison": {:hex, :httpoison, "1.6.2", "ace7c8d3a361cebccbed19c283c349b3d26991eff73a1eaaa8abae2e3c8089b6", [:mix], [{:hackney, ">= 1.15.2 and < 2.0.0-0", [hex: :hackney, repo: "hexpm", optional: false]}], "hexpm", "aa2c74bd271af34239a3948779612f87df2422c2fdcfdbcec28d9c105f0773fe"},
  "idna": {:hex, :idna, "6.1.1", "8a63070e9f7d0c62eb9d9fcb360a7de382448200fbbd1b106cc96d3d8099df8d", [:rebar3], [{:unicode_util_compat, "~> 0.7.0", [hex: :unicode_util_compat, repo: "hexpm", optional: false]}], "hexpm", "92376eb7894412ed19ac475e4a86f7b413c1b9fbb5bd16dccd57934157944cea"},
  "jason": {:hex, :jason, "1.4.4", "b9226785a9aa77b6857ca22832cffa5d5011a667207eb2a0ad56adb5db443b8a", [:mix], [{:decimal, "~> 1.0 or ~> 2.0", [hex: :decimal, repo: "hexpm", optional: true]}], "hexpm", "c5eb0cab91f094599f94d55bc63409236a8ec69a21a67814529e8d5f6cc90b3b"},
  "jiffy": {:hex, :jiffy, "1.1.2", "a9b6c9a7ec268e7cf493d028f0a4c9144f59ccb878b1afe42841597800840a1b", [:rebar3], [], "hexpm", "bb61bc42a720bbd33cb09a410e48bb79a61012c74cb8b3e75f26d988485cf381"},
  "jose": {:hex, :jose, "1.11.10", "a903f5227417bd2a08c8a00a0cbcc458118be84480955e8d251297a425723f83", [:mix, :rebar3], [], "hexpm", "0d6cd36ff8ba174db29148fc112b5842186b68a90ce9fc2b3ec3afe76593e614"},
  "metrics": {:hex, :metrics, "1.0.1", "25f094dea2cda98213cecc3aeff09e940299d950904393b2a29d191c346a8486", [:rebar3], [], "hexpm", "69b09adddc4f74a40716ae54d140f93beb0fb8978d8636eaded0c31b6f099f16"},
  "mime": {:hex, :mime, "2.0.6", "8f18486773d9b15f95f4f4f1e39b710045fa1de891fada4516559967276e4dc2", [:mix], [], "hexpm", "c9945363a6b26d747389aac3643f8e0e09d30499a138ad64fe8fd1d13d9b153e"},
  "mimerl": {:hex, :mimerl, "1.3.0", "d0cd9fc04b9061f82490f6581e0128379830e78535e017f7780f37fea7545726", [:rebar3], [], "hexpm", "a1e15a50d1887217de95f0b9b0793e32853f7c258a5cd227650889b38839fe9d"},
  "mqtree": {:hex, :mqtree, "1.0.17", "82f54b8f2d22b4445db1d6cccb7fe9ead049d61410c29e32475f3ceb3ee62a89", [:rebar3], [{:p1_utils, "1.0.26", [hex: :p1_utils, repo: "hexpm", optional: false]}], "hexpm", "5fe8b7cf8fbc4783d0fceb94654ac2bbf3242a58cd0397d249ded8ae021be2a3"},
  "p1_acme": {:hex, :p1_acme, "1.0.25", "db91f0d6c193cd1d5c0b0fa3939a898dbf56a6075db4347cde26e802715de50c", [:rebar3], [{:base64url, "~> 1.0", [hex: :base64url, repo: "hexpm", optional: false]}, {:idna, "~> 6.0", [hex: :idna, repo: "hexpm", optional: false]}, {:jiffy, "~> 1.1.1", [hex: :jiffy, repo: "hexpm", optional: false]}, {:jose, "~> 1.11.10", [hex: :jose, repo: "hexpm", optional: false]}, {:yconf, "~> 1.0.17", [hex: :yconf, repo: "hexpm", optional: false]}], "hexpm", "a7b55b47495ddb4f98a15e65451ec3ad43f4637b955c74cd695d98e6a645d08c"},
  "p1_oauth2": {:hex, :p1_oauth2, "0.6.14", "1c5f82535574de87e2059695ac4b91f8f9aebacbc1c80287dae6f02552d47aea", [:rebar3], [], "hexpm", "1fd3ac474e43722d9d5a87c6df8d36f698ed87af7bb81cbbb66361451d99ae8f"},
  "p1_utils": {:hex, :p1_utils, "1.0.26", "67b0c4ac9fa3ba3ef563b31aa111b0a004439a37fac85e027f1c3617e1c7ec6c", [:rebar3], [], "hexpm", "d0379e8c1156b98bd64f8129c1de022fcca4f2fdb7486ce73bf0ed2c3376b04c"},
  "parse_trans": {:hex, :parse_trans, "3.4.1", "6e6aa8167cb44cc8f39441d05193be6e6f4e7c2946cb2759f015f8c56b76e5ff", [:rebar3], [], "hexpm", "620a406ce75dada827b82e453c19cf06776be266f5a67cff34e1ef2cbb60e49a"},
  "pkix": {:hex, :pkix, "1.0.10", "d3bfadf7b7cfe2a3636f1b256c9cce5f646a07ce31e57ee527668502850765a0", [:rebar3], [], "hexpm", "e02164f83094cb124c41b1ab28988a615d54b9adc38575f00f19a597a3ac5d0e"},
  "plug": {:hex, :plug, "1.16.1", "40c74619c12f82736d2214557dedec2e9762029b2438d6d175c5074c933edc9d", [:mix], [{:mime, "~> 1.0 or ~> 2.0", [hex: :mime, repo: "hexpm", optional: false]}, {:plug_crypto, "~> 1.1.1 or ~> 1.2 or ~> 2.0", [hex: :plug_crypto, repo: "hexpm", optional: false]}, {:telemetry, "~> 0.4.3 or ~> 1.0", [hex: :telemetry, repo: "hexpm", optional: false]}], "hexpm", "a13ff6b9006b03d7e33874945b2755253841b238c34071ed85b0e86057f8cddc"},
  "plug_crypto": {:hex, :plug_crypto, "2.1.0", "f44309c2b06d249c27c8d3f65cfe08158ade08418cf540fd4f72d4d6863abb7b", [:mix], [], "hexpm", "131216a4b030b8f8ce0f26038bc4421ae60e4bb95c5cf5395e1421437824c4fa"},
  "ssl_verify_fun": {:hex, :ssl_verify_fun, "1.1.7", "354c321cf377240c7b8716899e182ce4890c5938111a1296add3ec74cf1715df", [:make, :mix, :rebar3], [], "hexpm", "fe4c190e8f37401d30167c8c405eda19469f34577987c76dde613e838bbc67f8"},
  "stringprep": {:hex, :stringprep, "1.0.29", "02f23e8c3a219a3dfe40a22e908bece3a2f68af0ff599ea8a7b714ecb21e62ee", [:rebar3], [{:p1_utils, "1.0.25", [hex: :p1_utils, repo: "hexpm", optional: false]}], "hexpm", "928eba304c3006eb1512110ebd7b87db163b00859a09375a1e4466152c6c462a"},
  "stun": {:hex, :stun, "1.2.12", "a65df67a8aaaecb6a94d687977b2e9f161820819910cb97bbe26a3525356525b", [:rebar3], [{:fast_tls, "1.1.19", [hex: :fast_tls, repo: "hexpm", optional: false]}, {:p1_utils, "1.0.25", [hex: :p1_utils, repo: "hexpm", optional: false]}], "hexpm", "a2055032b6d338d0454142004bcb12fafb0c64ab1f273f1d0c6923ebbc8ede40"},
  "telemetry": {:hex, :telemetry, "1.3.0", "fedebbae410d715cf8e7062c96a1ef32ec22e764197f70cda73d82778d61e7a2", [:rebar3], [], "hexpm", "7015fc8919dbe63764f4b4b87a95b7c0996bd539e0d499be6ec9d7f3875b79e6"},
  "thousand_island": {:hex, :thousand_island, "0.6.7", "3a91a7e362ca407036c6691e8a4f6e01ac8e901db3598875863a149279ac8571", [:mix], [{:telemetry, "~> 0.4 or ~> 1.0", [hex: :telemetry, repo: "hexpm", optional: false]}], "hexpm", "541a5cb26b88adf8d8180b6b96a90f09566b4aad7a6b3608dcac969648cf6765"},
  "unicode_util_compat": {:hex, :unicode_util_compat, "0.7.0", "bc84380c9ab48177092f43ac89e4dfa2c6d62b40b8bd132b1059ecc7232f9a78", [:rebar3], [], "hexpm", "25eee6d67df61960cf6a794239566599b09e17e668d3700247bc498638152521"},
  "websock": {:hex, :websock, "0.5.3", "2f69a6ebe810328555b6fe5c831a851f485e303a7c8ce6c5f675abeb20ebdadc", [:mix], [], "hexpm", "6105453d7fac22c712ad66fab1d45abdf049868f253cf719b625151460b8b453"},
  "xmpp": {:git, "https://github.com/projectfortmp/xmpp", "10476ac6676b5ba671912dcac403b97b8564da28", []},
  "yconf": {:hex, :yconf, "1.0.17", "dcf242e27f3fc5d0743d6b8175dd39bc14a1f4ed7e6ea986366a44a6ff3b2a3a", [:rebar3], [{:fast_yaml, "1.0.37", [hex: :fast_yaml, repo: "hexpm", optional: false]}], "hexpm", "dd2892923241449a46cc8457b9ec0fb14030700735a5885955677c735c341a25"},
}
